// !$*UTF8*$!
{
	archiveVersion = 1;
	classes = {
	};
	objectVersion = 46;
	objects = {

/* Begin PBXBuildFile section */
		954EBD0D1ADF367600389A91 /* main.m in Sources */ = {isa = PBXBuildFile; fileRef = 954EBD0C1ADF367600389A91 /* main.m */; };
		954EBD101ADF367600389A91 /* MCAppDelegate.m in Sources */ = {isa = PBXBuildFile; fileRef = 954EBD0F1ADF367600389A91 /* MCAppDelegate.m */; };
		954EBD181ADF367600389A91 /* Images.xcassets in Resources */ = {isa = PBXBuildFile; fileRef = 954EBD171ADF367600389A91 /* Images.xcassets */; };
		954EBD271ADF367600389A91 /* LocationsTests.m in Sources */ = {isa = PBXBuildFile; fileRef = 954EBD261ADF367600389A91 /* LocationsTests.m */; };
		9565C40C1AE14D6700808906 /* MCLocationViewController.m in Sources */ = {isa = PBXBuildFile; fileRef = 9565C40B1AE14D6700808906 /* MCLocationViewController.m */; };
		9565C40F1AE14EFC00808906 /* MCWebViewController.m in Sources */ = {isa = PBXBuildFile; fileRef = 9565C40E1AE14EFC00808906 /* MCWebViewController.m */; };
		95EF68921AE199AB0071487D /* MCAddressViewController.m in Sources */ = {isa = PBXBuildFile; fileRef = 95EF68911AE199AB0071487D /* MCAddressViewController.m */; };
/* End PBXBuildFile section */

/* Begin PBXContainerItemProxy section */
		954EBD211ADF367600389A91 /* PBXContainerItemProxy */ = {
			isa = PBXContainerItemProxy;
			containerPortal = 954EBCFF1ADF367600389A91 /* Project object */;
			proxyType = 1;
			remoteGlobalIDString = 954EBD061ADF367600389A91;
			remoteInfo = Locations;
		};
/* End PBXContainerItemProxy section */

/* Begin PBXFileReference section */
		954EBD071ADF367600389A91 /* Locations.app */ = {isa = PBXFileReference; explicitFileType = wrapper.application; includeInIndex = 0; path = Locations.app; sourceTree = BUILT_PRODUCTS_DIR; };
		954EBD0B1ADF367600389A91 /* Info.plist */ = {isa = PBXFileReference; lastKnownFileType = text.plist.xml; path = Info.plist; sourceTree = "<group>"; };
		954EBD0C1ADF367600389A91 /* main.m */ = {isa = PBXFileReference; lastKnownFileType = sourcecode.c.objc; path = main.m; sourceTree = "<group>"; };
		954EBD0E1ADF367600389A91 /* MCAppDelegate.h */ = {isa = PBXFileReference; lastKnownFileType = sourcecode.c.h; path = MCAppDelegate.h; sourceTree = "<group>"; };
		954EBD0F1ADF367600389A91 /* MCAppDelegate.m */ = {isa = PBXFileReference; lastKnownFileType = sourcecode.c.objc; path = MCAppDelegate.m; sourceTree = "<group>"; };
		954EBD171ADF367600389A91 /* Images.xcassets */ = {isa = PBXFileReference; lastKnownFileType = folder.assetcatalog; path = Images.xcassets; sourceTree = "<group>"; };
		954EBD201ADF367600389A91 /* LocationsTests.xctest */ = {isa = PBXFileReference; explicitFileType = wrapper.cfbundle; includeInIndex = 0; path = LocationsTests.xctest; sourceTree = BUILT_PRODUCTS_DIR; };
		954EBD251ADF367600389A91 /* Info.plist */ = {isa = PBXFileReference; lastKnownFileType = text.plist.xml; path = Info.plist; sourceTree = "<group>"; };
		954EBD261ADF367600389A91 /* LocationsTests.m */ = {isa = PBXFileReference; lastKnownFileType = sourcecode.c.objc; path = LocationsTests.m; sourceTree = "<group>"; };
		9565C40A1AE14D6700808906 /* MCLocationViewController.h */ = {isa = PBXFileReference; fileEncoding = 4; lastKnownFileType = sourcecode.c.h; path = MCLocationViewController.h; sourceTree = "<group>"; };
		9565C40B1AE14D6700808906 /* MCLocationViewController.m */ = {isa = PBXFileReference; fileEncoding = 4; lastKnownFileType = sourcecode.c.objc; path = MCLocationViewController.m; sourceTree = "<group>"; };
		9565C40D1AE14EFC00808906 /* MCWebViewController.h */ = {isa = PBXFileReference; fileEncoding = 4; lastKnownFileType = sourcecode.c.h; path = MCWebViewController.h; sourceTree = "<group>"; };
		9565C40E1AE14EFC00808906 /* MCWebViewController.m */ = {isa = PBXFileReference; fileEncoding = 4; lastKnownFileType = sourcecode.c.objc; path = MCWebViewController.m; sourceTree = "<group>"; };
		95EF68901AE199AB0071487D /* MCAddressViewController.h */ = {isa = PBXFileReference; fileEncoding = 4; lastKnownFileType = sourcecode.c.h; path = MCAddressViewController.h; sourceTree = "<group>"; };
		95EF68911AE199AB0071487D /* MCAddressViewController.m */ = {isa = PBXFileReference; fileEncoding = 4; lastKnownFileType = sourcecode.c.objc; path = MCAddressViewController.m; sourceTree = "<group>"; };
/* End PBXFileReference section */

/* Begin PBXFrameworksBuildPhase section */
		954EBD041ADF367600389A91 /* Frameworks */ = {
			isa = PBXFrameworksBuildPhase;
			buildActionMask = 2147483647;
			files = (
			);
			runOnlyForDeploymentPostprocessing = 0;
		};
		954EBD1D1ADF367600389A91 /* Frameworks */ = {
			isa = PBXFrameworksBuildPhase;
			buildActionMask = 2147483647;
			files = (
			);
			runOnlyForDeploymentPostprocessing = 0;
		};
/* End PBXFrameworksBuildPhase section */

/* Begin PBXGroup section */
		954EBCFE1ADF367600389A91 = {
			isa = PBXGroup;
			children = (
				954EBD091ADF367600389A91 /* Locations */,
				954EBD231ADF367600389A91 /* LocationsTests */,
				954EBD081ADF367600389A91 /* Products */,
			);
			sourceTree = "<group>";
		};
		954EBD081ADF367600389A91 /* Products */ = {
			isa = PBXGroup;
			children = (
				954EBD071ADF367600389A91 /* Locations.app */,
				954EBD201ADF367600389A91 /* LocationsTests.xctest */,
			);
			name = Products;
			sourceTree = "<group>";
		};
		954EBD091ADF367600389A91 /* Locations */ = {
			isa = PBXGroup;
			children = (
				954EBD0E1ADF367600389A91 /* MCAppDelegate.h */,
				954EBD0F1ADF367600389A91 /* MCAppDelegate.m */,
				9565C40A1AE14D6700808906 /* MCLocationViewController.h */,
				9565C40B1AE14D6700808906 /* MCLocationViewController.m */,
				9565C40D1AE14EFC00808906 /* MCWebViewController.h */,
				9565C40E1AE14EFC00808906 /* MCWebViewController.m */,
				95EF68901AE199AB0071487D /* MCAddressViewController.h */,
				95EF68911AE199AB0071487D /* MCAddressViewController.m */,
				954EBD0A1ADF367600389A91 /* Supporting Files */,
			);
			path = Locations;
			sourceTree = "<group>";
		};
		954EBD0A1ADF367600389A91 /* Supporting Files */ = {
			isa = PBXGroup;
			children = (
				954EBD171ADF367600389A91 /* Images.xcassets */,
				954EBD0B1ADF367600389A91 /* Info.plist */,
				954EBD0C1ADF367600389A91 /* main.m */,
			);
			name = "Supporting Files";
			sourceTree = "<group>";
		};
		954EBD231ADF367600389A91 /* LocationsTests */ = {
			isa = PBXGroup;
			children = (
				954EBD261ADF367600389A91 /* LocationsTests.m */,
				954EBD241ADF367600389A91 /* Supporting Files */,
			);
			path = LocationsTests;
			sourceTree = "<group>";
		};
		954EBD241ADF367600389A91 /* Supporting Files */ = {
			isa = PBXGroup;
			children = (
				954EBD251ADF367600389A91 /* Info.plist */,
			);
			name = "Supporting Files";
			sourceTree = "<group>";
		};
/* End PBXGroup section */

/* Begin PBXNativeTarget section */
		954EBD061ADF367600389A91 /* Locations */ = {
			isa = PBXNativeTarget;
			buildConfigurationList = 954EBD2A1ADF367600389A91 /* Build configuration list for PBXNativeTarget "Locations" */;
			buildPhases = (
				954EBD031ADF367600389A91 /* Sources */,
				954EBD041ADF367600389A91 /* Frameworks */,
				954EBD051ADF367600389A91 /* Resources */,
			);
			buildRules = (
			);
			dependencies = (
			);
			name = Locations;
			productName = Locations;
			productReference = 954EBD071ADF367600389A91 /* Locations.app */;
			productType = "com.apple.product-type.application";
		};
		954EBD1F1ADF367600389A91 /* LocationsTests */ = {
			isa = PBXNativeTarget;
			buildConfigurationList = 954EBD2D1ADF367600389A91 /* Build configuration list for PBXNativeTarget "LocationsTests" */;
			buildPhases = (
				954EBD1C1ADF367600389A91 /* Sources */,
				954EBD1D1ADF367600389A91 /* Frameworks */,
				954EBD1E1ADF367600389A91 /* Resources */,
			);
			buildRules = (
			);
			dependencies = (
				954EBD221ADF367600389A91 /* PBXTargetDependency */,
			);
			name = LocationsTests;
			productName = LocationsTests;
			productReference = 954EBD201ADF367600389A91 /* LocationsTests.xctest */;
			productType = "com.apple.product-type.bundle.unit-test";
		};
/* End PBXNativeTarget section */

/* Begin PBXProject section */
		954EBCFF1ADF367600389A91 /* Project object */ = {
			isa = PBXProject;
			attributes = {
				LastUpgradeCheck = 0630;
				ORGANIZATIONNAME = MattChupp;
				TargetAttributes = {
					954EBD061ADF367600389A91 = {
						CreatedOnToolsVersion = 6.3;
					};
					954EBD1F1ADF367600389A91 = {
						CreatedOnToolsVersion = 6.3;
						TestTargetID = 954EBD061ADF367600389A91;
					};
				};
			};
			buildConfigurationList = 954EBD021ADF367600389A91 /* Build configuration list for PBXProject "Locations" */;
			compatibilityVersion = "Xcode 3.2";
			developmentRegion = English;
			hasScannedForEncodings = 0;
			knownRegions = (
				en,
				Base,
			);
			mainGroup = 954EBCFE1ADF367600389A91;
			productRefGroup = 954EBD081ADF367600389A91 /* Products */;
			projectDirPath = "";
			projectRoot = "";
			targets = (
				954EBD061ADF367600389A91 /* Locations */,
				954EBD1F1ADF367600389A91 /* LocationsTests */,
			);
		};
/* End PBXProject section */

/* Begin PBXResourcesBuildPhase section */
		954EBD051ADF367600389A91 /* Resources */ = {
			isa = PBXResourcesBuildPhase;
			buildActionMask = 2147483647;
			files = (
				954EBD181ADF367600389A91 /* Images.xcassets in Resources */,
			);
			runOnlyForDeploymentPostprocessing = 0;
		};
		954EBD1E1ADF367600389A91 /* Resources */ = {
			isa = PBXResourcesBuildPhase;
			buildActionMask = 2147483647;
			files = (
			);
			runOnlyForDeploymentPostprocessing = 0;
		};
/* End PBXResourcesBuildPhase section */

/* Begin PBXSourcesBuildPhase section */
		954EBD031ADF367600389A91 /* Sources */ = {
			isa = PBXSourcesBuildPhase;
			buildActionMask = 2147483647;
			files = (
				95EF68921AE199AB0071487D /* MCAddressViewController.m in Sources */,
				9565C40C1AE14D6700808906 /* MCLocationViewController.m in Sources */,
				9565C40F1AE14EFC00808906 /* MCWebViewController.m in Sources */,
				954EBD101ADF367600389A91 /* MCAppDelegate.m in Sources */,
				954EBD0D1ADF367600389A91 /* main.m in Sources */,
			);
			runOnlyForDeploymentPostprocessing = 0;
		};
		954EBD1C1ADF367600389A91 /* Sources */ = {
			isa = PBXSourcesBuildPhase;
			buildActionMask = 2147483647;
			files = (
				954EBD271ADF367600389A91 /* LocationsTests.m in Sources */,
			);
			runOnlyForDeploymentPostprocessing = 0;
		};
/* End PBXSourcesBuildPhase section */

/* Begin PBXTargetDependency section */
		954EBD221ADF367600389A91 /* PBXTargetDependency */ = {
			isa = PBXTargetDependency;
			target = 954EBD061ADF367600389A91 /* Locations */;
			targetProxy = 954EBD211ADF367600389A91 /* PBXContainerItemProxy */;
		};
/* End PBXTargetDependency section */

/* Begin XCBuildConfiguration section */
		954EBD281ADF367600389A91 /* Debug */ = {
			isa = XCBuildConfiguration;
			buildSettings = {
				ALWAYS_SEARCH_USER_PATHS = NO;
				CLANG_CXX_LANGUAGE_STANDARD = "gnu++0x";
				CLANG_CXX_LIBRARY = "libc++";
				CLANG_ENABLE_MODULES = YES;
				CLANG_ENABLE_OBJC_ARC = YES;
				CLANG_WARN_BOOL_CONVERSION = YES;
				CLANG_WARN_CONSTANT_CONVERSION = YES;
				CLANG_WARN_DIRECT_OBJC_ISA_USAGE = YES_ERROR;
				CLANG_WARN_EMPTY_BODY = YES;
				CLANG_WARN_ENUM_CONVERSION = YES;
				CLANG_WARN_INT_CONVERSION = YES;
				CLANG_WARN_OBJC_ROOT_CLASS = YES_ERROR;
				CLANG_WARN_UNREACHABLE_CODE = YES;
				CLANG_WARN__DUPLICATE_METHOD_MATCH = YES;
				"CODE_SIGN_IDENTITY[sdk=iphoneos*]" = "iPhone Developer";
				COPY_PHASE_STRIP = NO;
				DEBUG_INFORMATION_FORMAT = "dwarf-with-dsym";
				ENABLE_STRICT_OBJC_MSGSEND = YES;
				GCC_C_LANGUAGE_STANDARD = gnu99;
				GCC_DYNAMIC_NO_PIC = NO;
				GCC_NO_COMMON_BLOCKS = YES;
				GCC_OPTIMIZATION_LEVEL = 0;
				GCC_PREPROCESSOR_DEFINITIONS = (
					"DEBUG=1",
					"$(inherited)",
				);
				GCC_SYMBOLS_PRIVATE_EXTERN = NO;
				GCC_WARN_64_TO_32_BIT_CONVERSION = YES;
				GCC_WARN_ABOUT_RETURN_TYPE = YES_ERROR;
				GCC_WARN_UNDECLARED_SELECTOR = YES;
				GCC_WARN_UNINITIALIZED_AUTOS = YES_AGGRESSIVE;
				GCC_WARN_UNUSED_FUNCTION = YES;
				GCC_WARN_UNUSED_VARIABLE = YES;
				IPHONEOS_DEPLOYMENT_TARGET = 8.3;
				MTL_ENABLE_DEBUG_INFO = YES;
				ONLY_ACTIVE_ARCH = YES;
				SDKROOT = iphoneos;
			};
			name = Debug;
		};
		954EBD291ADF367600389A91 /* Release */ = {
			isa = XCBuildConfiguration;
			buildSettings = {
				ALWAYS_SEARCH_USER_PATHS = NO;
				CLANG_CXX_LANGUAGE_STANDARD = "gnu++0x";
				CLANG_CXX_LIBRARY = "libc++";
				CLANG_ENABLE_MODULES = YES;
				CLANG_ENABLE_OBJC_ARC = YES;
				CLANG_WARN_BOOL_CONVERSION = YES;
				CLANG_WARN_CONSTANT_CONVERSION = YES;
				CLANG_WARN_DIRECT_OBJC_ISA_USAGE = YES_ERROR;
				CLANG_WARN_EMPTY_BODY = YES;
				CLANG_WARN_ENUM_CONVERSION = YES;
				CLANG_WARN_INT_CONVERSION = YES;
				CLANG_WARN_OBJC_ROOT_CLASS = YES_ERROR;
				CLANG_WARN_UNREACHABLE_CODE = YES;
				CLANG_WARN__DUPLICATE_METHOD_MATCH = YES;
				"CODE_SIGN_IDENTITY[sdk=iphoneos*]" = "iPhone Developer";
				COPY_PHASE_STRIP = NO;
				DEBUG_INFORMATION_FORMAT = "dwarf-with-dsym";
				ENABLE_NS_ASSERTIONS = NO;
				ENABLE_STRICT_OBJC_MSGSEND = YES;
				GCC_C_LANGUAGE_STANDARD = gnu99;
				GCC_NO_COMMON_BLOCKS = YES;
				GCC_WARN_64_TO_32_BIT_CONVERSION = YES;
				GCC_WARN_ABOUT_RETURN_TYPE = YES_ERROR;
				GCC_WARN_UNDECLARED_SELECTOR = YES;
				GCC_WARN_UNINITIALIZED_AUTOS = YES_AGGRESSIVE;
				GCC_WARN_UNUSED_FUNCTION = YES;
				GCC_WARN_UNUSED_VARIABLE = YES;
				IPHONEOS_DEPLOYMENT_TARGET = 8.3;
				MTL_ENABLE_DEBUG_INFO = NO;
				SDKROOT = iphoneos;
				VALIDATE_PRODUCT = YES;
			};
			name = Release;
		};
		954EBD2B1ADF367600389A91 /* Debug */ = {
			isa = XCBuildConfiguration;
			buildSettings = {
				ASSETCATALOG_COMPILER_APPICON_NAME = AppIcon;
				INFOPLIST_FILE = Locations/Info.plist;
				LD_RUNPATH_SEARCH_PATHS = "$(inherited) @executable_path/Frameworks";
				PRODUCT_NAME = "$(TARGET_NAME)";
			};
			name = Debug;
		};
		954EBD2C1ADF367600389A91 /* Release */ = {
			isa = XCBuildConfiguration;
			buildSettings = {
				ASSETCATALOG_COMPILER_APPICON_NAME = AppIcon;
				INFOPLIST_FILE = Locations/Info.plist;
				LD_RUNPATH_SEARCH_PATHS = "$(inherited) @executable_path/Frameworks";
				PRODUCT_NAME = "$(TARGET_NAME)";
			};
			name = Release;
		};
		954EBD2E1ADF367600389A91 /* Debug */ = {
			isa = XCBuildConfiguration;
			buildSettings = {
				BUNDLE_LOADER = "$(TEST_HOST)";
				FRAMEWORK_SEARCH_PATHS = (
					"$(SDKROOT)/Developer/Library/Frameworks",
					"$(inherited)",
				);
				GCC_PREPROCESSOR_DEFINITIONS = (
					"DEBUG=1",
					"$(inherited)",
				);
				INFOPLIST_FILE = LocationsTests/Info.plist;
				LD_RUNPATH_SEARCH_PATHS = "$(inherited) @executable_path/Frameworks @loader_path/Frameworks";
				PRODUCT_NAME = "$(TARGET_NAME)";
				TEST_HOST = "$(BUILT_PRODUCTS_DIR)/Locations.app/Locations";
			};
			name = Debug;
		};
		954EBD2F1ADF367600389A91 /* Release */ = {
			isa = XCBuildConfiguration;
			buildSettings = {
				BUNDLE_LOADER = "$(TEST_HOST)";
				FRAMEWORK_SEARCH_PATHS = (
					"$(SDKROOT)/Developer/Library/Frameworks",
					"$(inherited)",
				);
				INFOPLIST_FILE = LocationsTests/Info.plist;
				LD_RUNPATH_SEARCH_PATHS = "$(inherited) @executable_path/Frameworks @loader_path/Frameworks";
				PRODUCT_NAME = "$(TARGET_NAME)";
				TEST_HOST = "$(BUILT_PRODUCTS_DIR)/Locations.app/Locations";
			};
			name = Release;
		};
/* End XCBuildConfiguration section */

/* Begin XCConfigurationList section */
		954EBD021ADF367600389A91 /* Build configuration list for PBXProject "Locations" */ = {
			isa = XCConfigurationList;
			buildConfigurations = (
				954EBD281ADF367600389A91 /* Debug */,
				954EBD291ADF367600389A91 /* Release */,
			);
			defaultConfigurationIsVisible = 0;
			defaultConfigurationName = Release;
		};
		954EBD2A1ADF367600389A91 /* Build configuration list for PBXNativeTarget "Locations" */ = {
			isa = XCConfigurationList;
			buildConfigurations = (
				954EBD2B1ADF367600389A91 /* Debug */,
				954EBD2C1ADF367600389A91 /* Release */,
			);
			defaultConfigurationIsVisible = 0;
			defaultConfigurationName = Release;
		};
		954EBD2D1ADF367600389A91 /* Build configuration list for PBXNativeTarget "LocationsTests" */ = {
			isa = XCConfigurationList;
			buildConfigurations = (
				954EBD2E1ADF367600389A91 /* Debug */,
				954EBD2F1ADF367600389A91 /* Release */,
			);
			defaultConfigurationIsVisible = 0;
			defaultConfigurationName = Release;
		};
/* End XCConfigurationList section */
	};
	rootObject = 954EBCFF1ADF367600389A91 /* Project object */;
}
